// !$*UTF8*$!
{
	archiveVersion = 1;
	classes = {
	};
	objectVersion = 56;
	objects = {

/* Begin PBXBuildFile section */
		CE779C042CB8C92500478139 /* Roboto-ThinItalic.ttf in Resources */ = {isa = PBXBuildFile; fileRef = CE779BF82CB8C92500478139 /* Roboto-ThinItalic.ttf */; };
		CE779C052CB8C92500478139 /* Roboto-LightItalic.ttf in Resources */ = {isa = PBXBuildFile; fileRef = CE779BF92CB8C92500478139 /* Roboto-LightItalic.ttf */; };
		CE779C062CB8C92500478139 /* Roboto-Bold.ttf in Resources */ = {isa = PBXBuildFile; fileRef = CE779BFA2CB8C92500478139 /* Roboto-Bold.ttf */; };
		CE779C072CB8C92500478139 /* Roboto-BlackItalic.ttf in Resources */ = {isa = PBXBuildFile; fileRef = CE779BFB2CB8C92500478139 /* Roboto-BlackItalic.ttf */; };
		CE779C082CB8C92500478139 /* Roboto-Medium.ttf in Resources */ = {isa = PBXBuildFile; fileRef = CE779BFC2CB8C92500478139 /* Roboto-Medium.ttf */; };
		CE779C092CB8C92500478139 /* Roboto-BoldItalic.ttf in Resources */ = {isa = PBXBuildFile; fileRef = CE779BFD2CB8C92500478139 /* Roboto-BoldItalic.ttf */; };
		CE779C0A2CB8C92500478139 /* Roboto-MediumItalic.ttf in Resources */ = {isa = PBXBuildFile; fileRef = CE779BFE2CB8C92500478139 /* Roboto-MediumItalic.ttf */; };
		CE779C0B2CB8C92500478139 /* Roboto-Thin.ttf in Resources */ = {isa = PBXBuildFile; fileRef = CE779BFF2CB8C92500478139 /* Roboto-Thin.ttf */; };
		CE779C0C2CB8C92500478139 /* Roboto-Light.ttf in Resources */ = {isa = PBXBuildFile; fileRef = CE779C002CB8C92500478139 /* Roboto-Light.ttf */; };
		CE779C0D2CB8C92500478139 /* Roboto-Italic.ttf in Resources */ = {isa = PBXBuildFile; fileRef = CE779C012CB8C92500478139 /* Roboto-Italic.ttf */; };
		CE779C0E2CB8C92500478139 /* Roboto-Black.ttf in Resources */ = {isa = PBXBuildFile; fileRef = CE779C022CB8C92500478139 /* Roboto-Black.ttf */; };
		CE779C0F2CB8C92500478139 /* Roboto-Regular.ttf in Resources */ = {isa = PBXBuildFile; fileRef = CE779C032CB8C92500478139 /* Roboto-Regular.ttf */; };
		CE7D60862CB769FC003174A3 /* MyProjectApp.swift in Sources */ = {isa = PBXBuildFile; fileRef = CE7D60852CB769FC003174A3 /* MyProjectApp.swift */; };
		CE7D60882CB769FC003174A3 /* ContentView.swift in Sources */ = {isa = PBXBuildFile; fileRef = CE7D60872CB769FC003174A3 /* ContentView.swift */; };
		CE7D608A2CB769FE003174A3 /* Assets.xcassets in Resources */ = {isa = PBXBuildFile; fileRef = CE7D60892CB769FE003174A3 /* Assets.xcassets */; };
		CE7D608D2CB769FE003174A3 /* Preview Assets.xcassets in Resources */ = {isa = PBXBuildFile; fileRef = CE7D608C2CB769FE003174A3 /* Preview Assets.xcassets */; };
		CE7D60972CB769FE003174A3 /* MyProjectTests.swift in Sources */ = {isa = PBXBuildFile; fileRef = CE7D60962CB769FE003174A3 /* MyProjectTests.swift */; };
		CE7D60A12CB769FE003174A3 /* MyProjectUITests.swift in Sources */ = {isa = PBXBuildFile; fileRef = CE7D60A02CB769FE003174A3 /* MyProjectUITests.swift */; };
		CE7D60A32CB769FE003174A3 /* MyProjectUITestsLaunchTests.swift in Sources */ = {isa = PBXBuildFile; fileRef = CE7D60A22CB769FE003174A3 /* MyProjectUITestsLaunchTests.swift */; };
		CE7D60B22CB76E21003174A3 /* TextFieldView.swift in Sources */ = {isa = PBXBuildFile; fileRef = CE7D60B12CB76E21003174A3 /* TextFieldView.swift */; };
		CE7D60B42CB76EEA003174A3 /* CheckBoxView.swift in Sources */ = {isa = PBXBuildFile; fileRef = CE7D60B32CB76EEA003174A3 /* CheckBoxView.swift */; };
		CE7D60B62CB76FE9003174A3 /* LogIn.swift in Sources */ = {isa = PBXBuildFile; fileRef = CE7D60B52CB76FE9003174A3 /* LogIn.swift */; };
		CE7D60B82CB770C5003174A3 /* Profile.swift in Sources */ = {isa = PBXBuildFile; fileRef = CE7D60B72CB770C5003174A3 /* Profile.swift */; };
		CE7D60BA2CB770ED003174A3 /* UserModel.swift in Sources */ = {isa = PBXBuildFile; fileRef = CE7D60B92CB770ED003174A3 /* UserModel.swift */; };
		CE7D60BC2CB77121003174A3 /* ForgotPassword.swift in Sources */ = {isa = PBXBuildFile; fileRef = CE7D60BB2CB77121003174A3 /* ForgotPassword.swift */; };
		CE7D60BE2CB7715E003174A3 /* SetNewPassword.swift in Sources */ = {isa = PBXBuildFile; fileRef = CE7D60BD2CB7715E003174A3 /* SetNewPassword.swift */; };
		CE7D60C02CB771F2003174A3 /* Verify.swift in Sources */ = {isa = PBXBuildFile; fileRef = CE7D60BF2CB771F2003174A3 /* Verify.swift */; };
		CE7D60C42CB774A4003174A3 /* Auth in Frameworks */ = {isa = PBXBuildFile; productRef = CE7D60C32CB774A4003174A3 /* Auth */; };
		CE7D60C62CB774A4003174A3 /* Functions in Frameworks */ = {isa = PBXBuildFile; productRef = CE7D60C52CB774A4003174A3 /* Functions */; };
		CE7D60C82CB774A4003174A3 /* PostgREST in Frameworks */ = {isa = PBXBuildFile; productRef = CE7D60C72CB774A4003174A3 /* PostgREST */; };
		CE7D60CA2CB774A4003174A3 /* Realtime in Frameworks */ = {isa = PBXBuildFile; productRef = CE7D60C92CB774A4003174A3 /* Realtime */; };
		CE7D60CC2CB774A4003174A3 /* Storage in Frameworks */ = {isa = PBXBuildFile; productRef = CE7D60CB2CB774A4003174A3 /* Storage */; };
		CE7D60CE2CB774A4003174A3 /* Supabase in Frameworks */ = {isa = PBXBuildFile; productRef = CE7D60CD2CB774A4003174A3 /* Supabase */; };
		CE7D60D02CB774F7003174A3 /* Reposetories.swift in Sources */ = {isa = PBXBuildFile; fileRef = CE7D60CF2CB774F7003174A3 /* Reposetories.swift */; };
		CE7D60D22CB7775B003174A3 /* UserViewModel.swift in Sources */ = {isa = PBXBuildFile; fileRef = CE7D60D12CB7775B003174A3 /* UserViewModel.swift */; };
/* End PBXBuildFile section */

/* Begin PBXContainerItemProxy section */
		CE7D60932CB769FE003174A3 /* PBXContainerItemProxy */ = {
			isa = PBXContainerItemProxy;
			containerPortal = CE7D607A2CB769FC003174A3 /* Project object */;
			proxyType = 1;
			remoteGlobalIDString = CE7D60812CB769FC003174A3;
			remoteInfo = MyProject;
		};
		CE7D609D2CB769FE003174A3 /* PBXContainerItemProxy */ = {
			isa = PBXContainerItemProxy;
			containerPortal = CE7D607A2CB769FC003174A3 /* Project object */;
			proxyType = 1;
			remoteGlobalIDString = CE7D60812CB769FC003174A3;
			remoteInfo = MyProject;
		};
/* End PBXContainerItemProxy section */

/* Begin PBXFileReference section */
		CE779BF82CB8C92500478139 /* Roboto-ThinItalic.ttf */ = {isa = PBXFileReference; lastKnownFileType = file; path = "Roboto-ThinItalic.ttf"; sourceTree = "<group>"; };
		CE779BF92CB8C92500478139 /* Roboto-LightItalic.ttf */ = {isa = PBXFileReference; lastKnownFileType = file; path = "Roboto-LightItalic.ttf"; sourceTree = "<group>"; };
		CE779BFA2CB8C92500478139 /* Roboto-Bold.ttf */ = {isa = PBXFileReference; lastKnownFileType = file; path = "Roboto-Bold.ttf"; sourceTree = "<group>"; };
		CE779BFB2CB8C92500478139 /* Roboto-BlackItalic.ttf */ = {isa = PBXFileReference; lastKnownFileType = file; path = "Roboto-BlackItalic.ttf"; sourceTree = "<group>"; };
		CE779BFC2CB8C92500478139 /* Roboto-Medium.ttf */ = {isa = PBXFileReference; lastKnownFileType = file; path = "Roboto-Medium.ttf"; sourceTree = "<group>"; };
		CE779BFD2CB8C92500478139 /* Roboto-BoldItalic.ttf */ = {isa = PBXFileReference; lastKnownFileType = file; path = "Roboto-BoldItalic.ttf"; sourceTree = "<group>"; };
		CE779BFE2CB8C92500478139 /* Roboto-MediumItalic.ttf */ = {isa = PBXFileReference; lastKnownFileType = file; path = "Roboto-MediumItalic.ttf"; sourceTree = "<group>"; };
		CE779BFF2CB8C92500478139 /* Roboto-Thin.ttf */ = {isa = PBXFileReference; lastKnownFileType = file; path = "Roboto-Thin.ttf"; sourceTree = "<group>"; };
		CE779C002CB8C92500478139 /* Roboto-Light.ttf */ = {isa = PBXFileReference; lastKnownFileType = file; path = "Roboto-Light.ttf"; sourceTree = "<group>"; };
		CE779C012CB8C92500478139 /* Roboto-Italic.ttf */ = {isa = PBXFileReference; lastKnownFileType = file; path = "Roboto-Italic.ttf"; sourceTree = "<group>"; };
		CE779C022CB8C92500478139 /* Roboto-Black.ttf */ = {isa = PBXFileReference; lastKnownFileType = file; path = "Roboto-Black.ttf"; sourceTree = "<group>"; };
		CE779C032CB8C92500478139 /* Roboto-Regular.ttf */ = {isa = PBXFileReference; lastKnownFileType = file; path = "Roboto-Regular.ttf"; sourceTree = "<group>"; };
		CE779C102CB8C93800478139 /* Info.plist */ = {isa = PBXFileReference; lastKnownFileType = text.plist; path = Info.plist; sourceTree = "<group>"; };
		CE7D60822CB769FC003174A3 /* MyProject.app */ = {isa = PBXFileReference; explicitFileType = wrapper.application; includeInIndex = 0; path = MyProject.app; sourceTree = BUILT_PRODUCTS_DIR; };
		CE7D60852CB769FC003174A3 /* MyProjectApp.swift */ = {isa = PBXFileReference; lastKnownFileType = sourcecode.swift; path = MyProjectApp.swift; sourceTree = "<group>"; };
		CE7D60872CB769FC003174A3 /* ContentView.swift */ = {isa = PBXFileReference; lastKnownFileType = sourcecode.swift; path = ContentView.swift; sourceTree = "<group>"; };
		CE7D60892CB769FE003174A3 /* Assets.xcassets */ = {isa = PBXFileReference; lastKnownFileType = folder.assetcatalog; path = Assets.xcassets; sourceTree = "<group>"; };
		CE7D608C2CB769FE003174A3 /* Preview Assets.xcassets */ = {isa = PBXFileReference; lastKnownFileType = folder.assetcatalog; path = "Preview Assets.xcassets"; sourceTree = "<group>"; };
		CE7D60922CB769FE003174A3 /* MyProjectTests.xctest */ = {isa = PBXFileReference; explicitFileType = wrapper.cfbundle; includeInIndex = 0; path = MyProjectTests.xctest; sourceTree = BUILT_PRODUCTS_DIR; };
		CE7D60962CB769FE003174A3 /* MyProjectTests.swift */ = {isa = PBXFileReference; lastKnownFileType = sourcecode.swift; path = MyProjectTests.swift; sourceTree = "<group>"; };
		CE7D609C2CB769FE003174A3 /* MyProjectUITests.xctest */ = {isa = PBXFileReference; explicitFileType = wrapper.cfbundle; includeInIndex = 0; path = MyProjectUITests.xctest; sourceTree = BUILT_PRODUCTS_DIR; };
		CE7D60A02CB769FE003174A3 /* MyProjectUITests.swift */ = {isa = PBXFileReference; lastKnownFileType = sourcecode.swift; path = MyProjectUITests.swift; sourceTree = "<group>"; };
		CE7D60A22CB769FE003174A3 /* MyProjectUITestsLaunchTests.swift */ = {isa = PBXFileReference; lastKnownFileType = sourcecode.swift; path = MyProjectUITestsLaunchTests.swift; sourceTree = "<group>"; };
		CE7D60B12CB76E21003174A3 /* TextFieldView.swift */ = {isa = PBXFileReference; lastKnownFileType = sourcecode.swift; path = TextFieldView.swift; sourceTree = "<group>"; };
		CE7D60B32CB76EEA003174A3 /* CheckBoxView.swift */ = {isa = PBXFileReference; lastKnownFileType = sourcecode.swift; path = CheckBoxView.swift; sourceTree = "<group>"; };
		CE7D60B52CB76FE9003174A3 /* LogIn.swift */ = {isa = PBXFileReference; lastKnownFileType = sourcecode.swift; path = LogIn.swift; sourceTree = "<group>"; };
		CE7D60B72CB770C5003174A3 /* Profile.swift */ = {isa = PBXFileReference; lastKnownFileType = sourcecode.swift; path = Profile.swift; sourceTree = "<group>"; };
		CE7D60B92CB770ED003174A3 /* UserModel.swift */ = {isa = PBXFileReference; lastKnownFileType = sourcecode.swift; path = UserModel.swift; sourceTree = "<group>"; };
		CE7D60BB2CB77121003174A3 /* ForgotPassword.swift */ = {isa = PBXFileReference; lastKnownFileType = sourcecode.swift; path = ForgotPassword.swift; sourceTree = "<group>"; };
		CE7D60BD2CB7715E003174A3 /* SetNewPassword.swift */ = {isa = PBXFileReference; lastKnownFileType = sourcecode.swift; path = SetNewPassword.swift; sourceTree = "<group>"; };
		CE7D60BF2CB771F2003174A3 /* Verify.swift */ = {isa = PBXFileReference; lastKnownFileType = sourcecode.swift; path = Verify.swift; sourceTree = "<group>"; };
		CE7D60CF2CB774F7003174A3 /* Reposetories.swift */ = {isa = PBXFileReference; lastKnownFileType = sourcecode.swift; path = Reposetories.swift; sourceTree = "<group>"; };
		CE7D60D12CB7775B003174A3 /* UserViewModel.swift */ = {isa = PBXFileReference; lastKnownFileType = sourcecode.swift; path = UserViewModel.swift; sourceTree = "<group>"; };
/* End PBXFileReference section */

/* Begin PBXFrameworksBuildPhase section */
		CE7D607F2CB769FC003174A3 /* Frameworks */ = {
			isa = PBXFrameworksBuildPhase;
			buildActionMask = 2147483647;
			files = (
				CE7D60C82CB774A4003174A3 /* PostgREST in Frameworks */,
				CE7D60C62CB774A4003174A3 /* Functions in Frameworks */,
				CE7D60CE2CB774A4003174A3 /* Supabase in Frameworks */,
				CE7D60C42CB774A4003174A3 /* Auth in Frameworks */,
				CE7D60CC2CB774A4003174A3 /* Storage in Frameworks */,
				CE7D60CA2CB774A4003174A3 /* Realtime in Frameworks */,
			);
			runOnlyForDeploymentPostprocessing = 0;
		};
		CE7D608F2CB769FE003174A3 /* Frameworks */ = {
			isa = PBXFrameworksBuildPhase;
			buildActionMask = 2147483647;
			files = (
			);
			runOnlyForDeploymentPostprocessing = 0;
		};
		CE7D60992CB769FE003174A3 /* Frameworks */ = {
			isa = PBXFrameworksBuildPhase;
			buildActionMask = 2147483647;
			files = (
			);
			runOnlyForDeploymentPostprocessing = 0;
		};
/* End PBXFrameworksBuildPhase section */

/* Begin PBXGroup section */
		CE779BF72CB8C8FE00478139 /* New Group */ = {
			isa = PBXGroup;
			children = (
				CE779C022CB8C92500478139 /* Roboto-Black.ttf */,
				CE779BFB2CB8C92500478139 /* Roboto-BlackItalic.ttf */,
				CE779BFA2CB8C92500478139 /* Roboto-Bold.ttf */,
				CE779BFD2CB8C92500478139 /* Roboto-BoldItalic.ttf */,
				CE779C012CB8C92500478139 /* Roboto-Italic.ttf */,
				CE779C002CB8C92500478139 /* Roboto-Light.ttf */,
				CE779BF92CB8C92500478139 /* Roboto-LightItalic.ttf */,
				CE779BFC2CB8C92500478139 /* Roboto-Medium.ttf */,
				CE779BFE2CB8C92500478139 /* Roboto-MediumItalic.ttf */,
				CE779C032CB8C92500478139 /* Roboto-Regular.ttf */,
				CE779BFF2CB8C92500478139 /* Roboto-Thin.ttf */,
				CE779BF82CB8C92500478139 /* Roboto-ThinItalic.ttf */,
			);
			path = "New Group";
			sourceTree = "<group>";
		};
		CE7D60792CB769FC003174A3 = {
			isa = PBXGroup;
			children = (
				CE7D60842CB769FC003174A3 /* MyProject */,
				CE7D60952CB769FE003174A3 /* MyProjectTests */,
				CE7D609F2CB769FE003174A3 /* MyProjectUITests */,
				CE7D60832CB769FC003174A3 /* Products */,
				CE7D60C22CB774A4003174A3 /* Frameworks */,
			);
			sourceTree = "<group>";
		};
		CE7D60832CB769FC003174A3 /* Products */ = {
			isa = PBXGroup;
			children = (
				CE7D60822CB769FC003174A3 /* MyProject.app */,
				CE7D60922CB769FE003174A3 /* MyProjectTests.xctest */,
				CE7D609C2CB769FE003174A3 /* MyProjectUITests.xctest */,
			);
			name = Products;
			sourceTree = "<group>";
		};
		CE7D60842CB769FC003174A3 /* MyProject */ = {
			isa = PBXGroup;
			children = (
				CE779C102CB8C93800478139 /* Info.plist */,
				CE7D60852CB769FC003174A3 /* MyProjectApp.swift */,
				CE7D60AF2CB76D58003174A3 /* project */,
				CE7D60892CB769FE003174A3 /* Assets.xcassets */,
				CE7D608B2CB769FE003174A3 /* Preview Content */,
			);
			path = MyProject;
			sourceTree = "<group>";
		};
		CE7D608B2CB769FE003174A3 /* Preview Content */ = {
			isa = PBXGroup;
			children = (
				CE7D608C2CB769FE003174A3 /* Preview Assets.xcassets */,
			);
			path = "Preview Content";
			sourceTree = "<group>";
		};
		CE7D60952CB769FE003174A3 /* MyProjectTests */ = {
			isa = PBXGroup;
			children = (
				CE7D60962CB769FE003174A3 /* MyProjectTests.swift */,
			);
			path = MyProjectTests;
			sourceTree = "<group>";
		};
		CE7D609F2CB769FE003174A3 /* MyProjectUITests */ = {
			isa = PBXGroup;
			children = (
				CE7D60A02CB769FE003174A3 /* MyProjectUITests.swift */,
				CE7D60A22CB769FE003174A3 /* MyProjectUITestsLaunchTests.swift */,
			);
			path = MyProjectUITests;
			sourceTree = "<group>";
		};
		CE7D60AF2CB76D58003174A3 /* project */ = {
			isa = PBXGroup;
			children = (
				CE7D60872CB769FC003174A3 /* ContentView.swift */,
				CE7D60B52CB76FE9003174A3 /* LogIn.swift */,
				CE7D60BB2CB77121003174A3 /* ForgotPassword.swift */,
				CE7D60BD2CB7715E003174A3 /* SetNewPassword.swift */,
				CE7D60B72CB770C5003174A3 /* Profile.swift */,
				CE7D60B02CB76DE6003174A3 /* DATA */,
			);
			path = project;
			sourceTree = "<group>";
		};
		CE7D60B02CB76DE6003174A3 /* DATA */ = {
			isa = PBXGroup;
			children = (
				CE7D60B12CB76E21003174A3 /* TextFieldView.swift */,
				CE7D60B32CB76EEA003174A3 /* CheckBoxView.swift */,
				CE7D60BF2CB771F2003174A3 /* Verify.swift */,
				CE7D60CF2CB774F7003174A3 /* Reposetories.swift */,
				CE7D60B92CB770ED003174A3 /* UserModel.swift */,
				CE7D60D12CB7775B003174A3 /* UserViewModel.swift */,
				CE779BF72CB8C8FE00478139 /* New Group */,
			);
			path = DATA;
			sourceTree = "<group>";
		};
		CE7D60C22CB774A4003174A3 /* Frameworks */ = {
			isa = PBXGroup;
			children = (
			);
			name = Frameworks;
			sourceTree = "<group>";
		};
/* End PBXGroup section */

/* Begin PBXNativeTarget section */
		CE7D60812CB769FC003174A3 /* MyProject */ = {
			isa = PBXNativeTarget;
			buildConfigurationList = CE7D60A62CB769FE003174A3 /* Build configuration list for PBXNativeTarget "MyProject" */;
			buildPhases = (
				CE7D607E2CB769FC003174A3 /* Sources */,
				CE7D607F2CB769FC003174A3 /* Frameworks */,
				CE7D60802CB769FC003174A3 /* Resources */,
			);
			buildRules = (
			);
			dependencies = (
			);
			name = MyProject;
			packageProductDependencies = (
				CE7D60C32CB774A4003174A3 /* Auth */,
				CE7D60C52CB774A4003174A3 /* Functions */,
				CE7D60C72CB774A4003174A3 /* PostgREST */,
				CE7D60C92CB774A4003174A3 /* Realtime */,
				CE7D60CB2CB774A4003174A3 /* Storage */,
				CE7D60CD2CB774A4003174A3 /* Supabase */,
			);
			productName = MyProject;
			productReference = CE7D60822CB769FC003174A3 /* MyProject.app */;
			productType = "com.apple.product-type.application";
		};
		CE7D60912CB769FE003174A3 /* MyProjectTests */ = {
			isa = PBXNativeTarget;
			buildConfigurationList = CE7D60A92CB769FE003174A3 /* Build configuration list for PBXNativeTarget "MyProjectTests" */;
			buildPhases = (
				CE7D608E2CB769FE003174A3 /* Sources */,
				CE7D608F2CB769FE003174A3 /* Frameworks */,
				CE7D60902CB769FE003174A3 /* Resources */,
			);
			buildRules = (
			);
			dependencies = (
				CE7D60942CB769FE003174A3 /* PBXTargetDependency */,
			);
			name = MyProjectTests;
			productName = MyProjectTests;
			productReference = CE7D60922CB769FE003174A3 /* MyProjectTests.xctest */;
			productType = "com.apple.product-type.bundle.unit-test";
		};
		CE7D609B2CB769FE003174A3 /* MyProjectUITests */ = {
			isa = PBXNativeTarget;
			buildConfigurationList = CE7D60AC2CB769FE003174A3 /* Build configuration list for PBXNativeTarget "MyProjectUITests" */;
			buildPhases = (
				CE7D60982CB769FE003174A3 /* Sources */,
				CE7D60992CB769FE003174A3 /* Frameworks */,
				CE7D609A2CB769FE003174A3 /* Resources */,
			);
			buildRules = (
			);
			dependencies = (
				CE7D609E2CB769FE003174A3 /* PBXTargetDependency */,
			);
			name = MyProjectUITests;
			productName = MyProjectUITests;
			productReference = CE7D609C2CB769FE003174A3 /* MyProjectUITests.xctest */;
			productType = "com.apple.product-type.bundle.ui-testing";
		};
/* End PBXNativeTarget section */

/* Begin PBXProject section */
		CE7D607A2CB769FC003174A3 /* Project object */ = {
			isa = PBXProject;
			attributes = {
				BuildIndependentTargetsInParallel = 1;
				LastSwiftUpdateCheck = 1530;
				LastUpgradeCheck = 1530;
				TargetAttributes = {
					CE7D60812CB769FC003174A3 = {
						CreatedOnToolsVersion = 15.3;
					};
					CE7D60912CB769FE003174A3 = {
						CreatedOnToolsVersion = 15.3;
						TestTargetID = CE7D60812CB769FC003174A3;
					};
					CE7D609B2CB769FE003174A3 = {
						CreatedOnToolsVersion = 15.3;
						TestTargetID = CE7D60812CB769FC003174A3;
					};
				};
			};
			buildConfigurationList = CE7D607D2CB769FC003174A3 /* Build configuration list for PBXProject "MyProject" */;
			compatibilityVersion = "Xcode 14.0";
			developmentRegion = en;
			hasScannedForEncodings = 0;
			knownRegions = (
				en,
				Base,
			);
			mainGroup = CE7D60792CB769FC003174A3;
			packageReferences = (
				CE7D60C12CB77475003174A3 /* XCRemoteSwiftPackageReference "supabase-swift" */,
			);
			productRefGroup = CE7D60832CB769FC003174A3 /* Products */;
			projectDirPath = "";
			projectRoot = "";
			targets = (
				CE7D60812CB769FC003174A3 /* MyProject */,
				CE7D60912CB769FE003174A3 /* MyProjectTests */,
				CE7D609B2CB769FE003174A3 /* MyProjectUITests */,
			);
		};
/* End PBXProject section */

/* Begin PBXResourcesBuildPhase section */
		CE7D60802CB769FC003174A3 /* Resources */ = {
			isa = PBXResourcesBuildPhase;
			buildActionMask = 2147483647;
			files = (
				CE779C042CB8C92500478139 /* Roboto-ThinItalic.ttf in Resources */,
				CE779C0D2CB8C92500478139 /* Roboto-Italic.ttf in Resources */,
				CE779C072CB8C92500478139 /* Roboto-BlackItalic.ttf in Resources */,
				CE779C092CB8C92500478139 /* Roboto-BoldItalic.ttf in Resources */,
				CE779C0C2CB8C92500478139 /* Roboto-Light.ttf in Resources */,
				CE7D608D2CB769FE003174A3 /* Preview Assets.xcassets in Resources */,
				CE779C082CB8C92500478139 /* Roboto-Medium.ttf in Resources */,
				CE779C062CB8C92500478139 /* Roboto-Bold.ttf in Resources */,
				CE779C0F2CB8C92500478139 /* Roboto-Regular.ttf in Resources */,
				CE779C052CB8C92500478139 /* Roboto-LightItalic.ttf in Resources */,
				CE779C0E2CB8C92500478139 /* Roboto-Black.ttf in Resources */,
				CE779C0A2CB8C92500478139 /* Roboto-MediumItalic.ttf in Resources */,
				CE779C0B2CB8C92500478139 /* Roboto-Thin.ttf in Resources */,
				CE7D608A2CB769FE003174A3 /* Assets.xcassets in Resources */,
			);
			runOnlyForDeploymentPostprocessing = 0;
		};
		CE7D60902CB769FE003174A3 /* Resources */ = {
			isa = PBXResourcesBuildPhase;
			buildActionMask = 2147483647;
			files = (
			);
			runOnlyForDeploymentPostprocessing = 0;
		};
		CE7D609A2CB769FE003174A3 /* Resources */ = {
			isa = PBXResourcesBuildPhase;
			buildActionMask = 2147483647;
			files = (
			);
			runOnlyForDeploymentPostprocessing = 0;
		};
/* End PBXResourcesBuildPhase section */

/* Begin PBXSourcesBuildPhase section */
		CE7D607E2CB769FC003174A3 /* Sources */ = {
			isa = PBXSourcesBuildPhase;
			buildActionMask = 2147483647;
			files = (
				CE7D60882CB769FC003174A3 /* ContentView.swift in Sources */,
				CE7D60D22CB7775B003174A3 /* UserViewModel.swift in Sources */,
				CE7D60BA2CB770ED003174A3 /* UserModel.swift in Sources */,
				CE7D60B82CB770C5003174A3 /* Profile.swift in Sources */,
				CE7D60BC2CB77121003174A3 /* ForgotPassword.swift in Sources */,
				CE7D60C02CB771F2003174A3 /* Verify.swift in Sources */,
				CE7D60862CB769FC003174A3 /* MyProjectApp.swift in Sources */,
				CE7D60B22CB76E21003174A3 /* TextFieldView.swift in Sources */,
				CE7D60BE2CB7715E003174A3 /* SetNewPassword.swift in Sources */,
				CE7D60D02CB774F7003174A3 /* Reposetories.swift in Sources */,
				CE7D60B42CB76EEA003174A3 /* CheckBoxView.swift in Sources */,
				CE7D60B62CB76FE9003174A3 /* LogIn.swift in Sources */,
			);
			runOnlyForDeploymentPostprocessing = 0;
		};
		CE7D608E2CB769FE003174A3 /* Sources */ = {
			isa = PBXSourcesBuildPhase;
			buildActionMask = 2147483647;
			files = (
				CE7D60972CB769FE003174A3 /* MyProjectTests.swift in Sources */,
			);
			runOnlyForDeploymentPostprocessing = 0;
		};
		CE7D60982CB769FE003174A3 /* Sources */ = {
			isa = PBXSourcesBuildPhase;
			buildActionMask = 2147483647;
			files = (
				CE7D60A32CB769FE003174A3 /* MyProjectUITestsLaunchTests.swift in Sources */,
				CE7D60A12CB769FE003174A3 /* MyProjectUITests.swift in Sources */,
			);
			runOnlyForDeploymentPostprocessing = 0;
		};
/* End PBXSourcesBuildPhase section */

/* Begin PBXTargetDependency section */
		CE7D60942CB769FE003174A3 /* PBXTargetDependency */ = {
			isa = PBXTargetDependency;
			target = CE7D60812CB769FC003174A3 /* MyProject */;
			targetProxy = CE7D60932CB769FE003174A3 /* PBXContainerItemProxy */;
		};
		CE7D609E2CB769FE003174A3 /* PBXTargetDependency */ = {
			isa = PBXTargetDependency;
			target = CE7D60812CB769FC003174A3 /* MyProject */;
			targetProxy = CE7D609D2CB769FE003174A3 /* PBXContainerItemProxy */;
		};
/* End PBXTargetDependency section */

/* Begin XCBuildConfiguration section */
		CE7D60A42CB769FE003174A3 /* Debug */ = {
			isa = XCBuildConfiguration;
			buildSettings = {
				ALWAYS_SEARCH_USER_PATHS = NO;
				ASSETCATALOG_COMPILER_GENERATE_SWIFT_ASSET_SYMBOL_EXTENSIONS = YES;
				CLANG_ANALYZER_NONNULL = YES;
				CLANG_ANALYZER_NUMBER_OBJECT_CONVERSION = YES_AGGRESSIVE;
				CLANG_CXX_LANGUAGE_STANDARD = "gnu++20";
				CLANG_ENABLE_MODULES = YES;
				CLANG_ENABLE_OBJC_ARC = YES;
				CLANG_ENABLE_OBJC_WEAK = YES;
				CLANG_WARN_BLOCK_CAPTURE_AUTORELEASING = YES;
				CLANG_WARN_BOOL_CONVERSION = YES;
				CLANG_WARN_COMMA = YES;
				CLANG_WARN_CONSTANT_CONVERSION = YES;
				CLANG_WARN_DEPRECATED_OBJC_IMPLEMENTATIONS = YES;
				CLANG_WARN_DIRECT_OBJC_ISA_USAGE = YES_ERROR;
				CLANG_WARN_DOCUMENTATION_COMMENTS = YES;
				CLANG_WARN_EMPTY_BODY = YES;
				CLANG_WARN_ENUM_CONVERSION = YES;
				CLANG_WARN_INFINITE_RECURSION = YES;
				CLANG_WARN_INT_CONVERSION = YES;
				CLANG_WARN_NON_LITERAL_NULL_CONVERSION = YES;
				CLANG_WARN_OBJC_IMPLICIT_RETAIN_SELF = YES;
				CLANG_WARN_OBJC_LITERAL_CONVERSION = YES;
				CLANG_WARN_OBJC_ROOT_CLASS = YES_ERROR;
				CLANG_WARN_QUOTED_INCLUDE_IN_FRAMEWORK_HEADER = YES;
				CLANG_WARN_RANGE_LOOP_ANALYSIS = YES;
				CLANG_WARN_STRICT_PROTOTYPES = YES;
				CLANG_WARN_SUSPICIOUS_MOVE = YES;
				CLANG_WARN_UNGUARDED_AVAILABILITY = YES_AGGRESSIVE;
				CLANG_WARN_UNREACHABLE_CODE = YES;
				CLANG_WARN__DUPLICATE_METHOD_MATCH = YES;
				COPY_PHASE_STRIP = NO;
				DEBUG_INFORMATION_FORMAT = dwarf;
				ENABLE_STRICT_OBJC_MSGSEND = YES;
				ENABLE_TESTABILITY = YES;
				ENABLE_USER_SCRIPT_SANDBOXING = YES;
				GCC_C_LANGUAGE_STANDARD = gnu17;
				GCC_DYNAMIC_NO_PIC = NO;
				GCC_NO_COMMON_BLOCKS = YES;
				GCC_OPTIMIZATION_LEVEL = 0;
				GCC_PREPROCESSOR_DEFINITIONS = (
					"DEBUG=1",
					"$(inherited)",
				);
				GCC_WARN_64_TO_32_BIT_CONVERSION = YES;
				GCC_WARN_ABOUT_RETURN_TYPE = YES_ERROR;
				GCC_WARN_UNDECLARED_SELECTOR = YES;
				GCC_WARN_UNINITIALIZED_AUTOS = YES_AGGRESSIVE;
				GCC_WARN_UNUSED_FUNCTION = YES;
				GCC_WARN_UNUSED_VARIABLE = YES;
				IPHONEOS_DEPLOYMENT_TARGET = 17.4;
				LOCALIZATION_PREFERS_STRING_CATALOGS = YES;
				MTL_ENABLE_DEBUG_INFO = INCLUDE_SOURCE;
				MTL_FAST_MATH = YES;
				ONLY_ACTIVE_ARCH = YES;
				SDKROOT = iphoneos;
				SWIFT_ACTIVE_COMPILATION_CONDITIONS = "DEBUG $(inherited)";
				SWIFT_OPTIMIZATION_LEVEL = "-Onone";
			};
			name = Debug;
		};
		CE7D60A52CB769FE003174A3 /* Release */ = {
			isa = XCBuildConfiguration;
			buildSettings = {
				ALWAYS_SEARCH_USER_PATHS = NO;
				ASSETCATALOG_COMPILER_GENERATE_SWIFT_ASSET_SYMBOL_EXTENSIONS = YES;
				CLANG_ANALYZER_NONNULL = YES;
				CLANG_ANALYZER_NUMBER_OBJECT_CONVERSION = YES_AGGRESSIVE;
				CLANG_CXX_LANGUAGE_STANDARD = "gnu++20";
				CLANG_ENABLE_MODULES = YES;
				CLANG_ENABLE_OBJC_ARC = YES;
				CLANG_ENABLE_OBJC_WEAK = YES;
				CLANG_WARN_BLOCK_CAPTURE_AUTORELEASING = YES;
				CLANG_WARN_BOOL_CONVERSION = YES;
				CLANG_WARN_COMMA = YES;
				CLANG_WARN_CONSTANT_CONVERSION = YES;
				CLANG_WARN_DEPRECATED_OBJC_IMPLEMENTATIONS = YES;
				CLANG_WARN_DIRECT_OBJC_ISA_USAGE = YES_ERROR;
				CLANG_WARN_DOCUMENTATION_COMMENTS = YES;
				CLANG_WARN_EMPTY_BODY = YES;
				CLANG_WARN_ENUM_CONVERSION = YES;
				CLANG_WARN_INFINITE_RECURSION = YES;
				CLANG_WARN_INT_CONVERSION = YES;
				CLANG_WARN_NON_LITERAL_NULL_CONVERSION = YES;
				CLANG_WARN_OBJC_IMPLICIT_RETAIN_SELF = YES;
				CLANG_WARN_OBJC_LITERAL_CONVERSION = YES;
				CLANG_WARN_OBJC_ROOT_CLASS = YES_ERROR;
				CLANG_WARN_QUOTED_INCLUDE_IN_FRAMEWORK_HEADER = YES;
				CLANG_WARN_RANGE_LOOP_ANALYSIS = YES;
				CLANG_WARN_STRICT_PROTOTYPES = YES;
				CLANG_WARN_SUSPICIOUS_MOVE = YES;
				CLANG_WARN_UNGUARDED_AVAILABILITY = YES_AGGRESSIVE;
				CLANG_WARN_UNREACHABLE_CODE = YES;
				CLANG_WARN__DUPLICATE_METHOD_MATCH = YES;
				COPY_PHASE_STRIP = NO;
				DEBUG_INFORMATION_FORMAT = "dwarf-with-dsym";
				ENABLE_NS_ASSERTIONS = NO;
				ENABLE_STRICT_OBJC_MSGSEND = YES;
				ENABLE_USER_SCRIPT_SANDBOXING = YES;
				GCC_C_LANGUAGE_STANDARD = gnu17;
				GCC_NO_COMMON_BLOCKS = YES;
				GCC_WARN_64_TO_32_BIT_CONVERSION = YES;
				GCC_WARN_ABOUT_RETURN_TYPE = YES_ERROR;
				GCC_WARN_UNDECLARED_SELECTOR = YES;
				GCC_WARN_UNINITIALIZED_AUTOS = YES_AGGRESSIVE;
				GCC_WARN_UNUSED_FUNCTION = YES;
				GCC_WARN_UNUSED_VARIABLE = YES;
				IPHONEOS_DEPLOYMENT_TARGET = 17.4;
				LOCALIZATION_PREFERS_STRING_CATALOGS = YES;
				MTL_ENABLE_DEBUG_INFO = NO;
				MTL_FAST_MATH = YES;
				SDKROOT = iphoneos;
				SWIFT_COMPILATION_MODE = wholemodule;
				VALIDATE_PRODUCT = YES;
			};
			name = Release;
		};
		CE7D60A72CB769FE003174A3 /* Debug */ = {
			isa = XCBuildConfiguration;
			buildSettings = {
				ASSETCATALOG_COMPILER_APPICON_NAME = AppIcon;
				ASSETCATALOG_COMPILER_GLOBAL_ACCENT_COLOR_NAME = AccentColor;
				CODE_SIGN_STYLE = Automatic;
				CURRENT_PROJECT_VERSION = 1;
				DEVELOPMENT_ASSET_PATHS = "\"MyProject/Preview Content\"";
				ENABLE_PREVIEWS = YES;
				GENERATE_INFOPLIST_FILE = YES;
				INFOPLIST_FILE = MyProject/Info.plist;
				INFOPLIST_KEY_UIApplicationSceneManifest_Generation = YES;
				INFOPLIST_KEY_UIApplicationSupportsIndirectInputEvents = YES;
				INFOPLIST_KEY_UILaunchScreen_Generation = YES;
				INFOPLIST_KEY_UISupportedInterfaceOrientations_iPad = "UIInterfaceOrientationPortrait UIInterfaceOrientationPortraitUpsideDown UIInterfaceOrientationLandscapeLeft UIInterfaceOrientationLandscapeRight";
				INFOPLIST_KEY_UISupportedInterfaceOrientations_iPhone = "UIInterfaceOrientationPortrait UIInterfaceOrientationLandscapeLeft UIInterfaceOrientationLandscapeRight";
				LD_RUNPATH_SEARCH_PATHS = (
					"$(inherited)",
					"@executable_path/Frameworks",
				);
				MARKETING_VERSION = 1.0;
				PRODUCT_BUNDLE_IDENTIFIER = me.MyProject;
				PRODUCT_NAME = "$(TARGET_NAME)";
				SWIFT_EMIT_LOC_STRINGS = YES;
				SWIFT_VERSION = 5.0;
				TARGETED_DEVICE_FAMILY = "1,2";
			};
			name = Debug;
		};
		CE7D60A82CB769FE003174A3 /* Release */ = {
			isa = XCBuildConfiguration;
			buildSettings = {
				ASSETCATALOG_COMPILER_APPICON_NAME = AppIcon;
				ASSETCATALOG_COMPILER_GLOBAL_ACCENT_COLOR_NAME = AccentColor;
				CODE_SIGN_STYLE = Automatic;
				CURRENT_PROJECT_VERSION = 1;
				DEVELOPMENT_ASSET_PATHS = "\"MyProject/Preview Content\"";
				ENABLE_PREVIEWS = YES;
				GENERATE_INFOPLIST_FILE = YES;
				INFOPLIST_FILE = MyProject/Info.plist;
				INFOPLIST_KEY_UIApplicationSceneManifest_Generation = YES;
				INFOPLIST_KEY_UIApplicationSupportsIndirectInputEvents = YES;
				INFOPLIST_KEY_UILaunchScreen_Generation = YES;
				INFOPLIST_KEY_UISupportedInterfaceOrientations_iPad = "UIInterfaceOrientationPortrait UIInterfaceOrientationPortraitUpsideDown UIInterfaceOrientationLandscapeLeft UIInterfaceOrientationLandscapeRight";
				INFOPLIST_KEY_UISupportedInterfaceOrientations_iPhone = "UIInterfaceOrientationPortrait UIInterfaceOrientationLandscapeLeft UIInterfaceOrientationLandscapeRight";
				LD_RUNPATH_SEARCH_PATHS = (
					"$(inherited)",
					"@executable_path/Frameworks",
				);
				MARKETING_VERSION = 1.0;
				PRODUCT_BUNDLE_IDENTIFIER = me.MyProject;
				PRODUCT_NAME = "$(TARGET_NAME)";
				SWIFT_EMIT_LOC_STRINGS = YES;
				SWIFT_VERSION = 5.0;
				TARGETED_DEVICE_FAMILY = "1,2";
			};
			name = Release;
		};
		CE7D60AA2CB769FE003174A3 /* Debug */ = {
			isa = XCBuildConfiguration;
			buildSettings = {
				ALWAYS_EMBED_SWIFT_STANDARD_LIBRARIES = YES;
				BUNDLE_LOADER = "$(TEST_HOST)";
				CODE_SIGN_STYLE = Automatic;
				CURRENT_PROJECT_VERSION = 1;
				GENERATE_INFOPLIST_FILE = YES;
				IPHONEOS_DEPLOYMENT_TARGET = 17.4;
				MARKETING_VERSION = 1.0;
				PRODUCT_BUNDLE_IDENTIFIER = me.MyProjectTests;
				PRODUCT_NAME = "$(TARGET_NAME)";
				SWIFT_EMIT_LOC_STRINGS = NO;
				SWIFT_VERSION = 5.0;
				TARGETED_DEVICE_FAMILY = "1,2";
				TEST_HOST = "$(BUILT_PRODUCTS_DIR)/MyProject.app/$(BUNDLE_EXECUTABLE_FOLDER_PATH)/MyProject";
			};
			name = Debug;
		};
		CE7D60AB2CB769FE003174A3 /* Release */ = {
			isa = XCBuildConfiguration;
			buildSettings = {
				ALWAYS_EMBED_SWIFT_STANDARD_LIBRARIES = YES;
				BUNDLE_LOADER = "$(TEST_HOST)";
				CODE_SIGN_STYLE = Automatic;
				CURRENT_PROJECT_VERSION = 1;
				GENERATE_INFOPLIST_FILE = YES;
				IPHONEOS_DEPLOYMENT_TARGET = 17.4;
				MARKETING_VERSION = 1.0;
				PRODUCT_BUNDLE_IDENTIFIER = me.MyProjectTests;
				PRODUCT_NAME = "$(TARGET_NAME)";
				SWIFT_EMIT_LOC_STRINGS = NO;
				SWIFT_VERSION = 5.0;
				TARGETED_DEVICE_FAMILY = "1,2";
				TEST_HOST = "$(BUILT_PRODUCTS_DIR)/MyProject.app/$(BUNDLE_EXECUTABLE_FOLDER_PATH)/MyProject";
			};
			name = Release;
		};
		CE7D60AD2CB769FE003174A3 /* Debug */ = {
			isa = XCBuildConfiguration;
			buildSettings = {
				ALWAYS_EMBED_SWIFT_STANDARD_LIBRARIES = YES;
				CODE_SIGN_STYLE = Automatic;
				CURRENT_PROJECT_VERSION = 1;
				GENERATE_INFOPLIST_FILE = YES;
				MARKETING_VERSION = 1.0;
				PRODUCT_BUNDLE_IDENTIFIER = me.MyProjectUITests;
				PRODUCT_NAME = "$(TARGET_NAME)";
				SWIFT_EMIT_LOC_STRINGS = NO;
				SWIFT_VERSION = 5.0;
				TARGETED_DEVICE_FAMILY = "1,2";
				TEST_TARGET_NAME = MyProject;
			};
			name = Debug;
		};
		CE7D60AE2CB769FE003174A3 /* Release */ = {
			isa = XCBuildConfiguration;
			buildSettings = {
				ALWAYS_EMBED_SWIFT_STANDARD_LIBRARIES = YES;
				CODE_SIGN_STYLE = Automatic;
				CURRENT_PROJECT_VERSION = 1;
				GENERATE_INFOPLIST_FILE = YES;
				MARKETING_VERSION = 1.0;
				PRODUCT_BUNDLE_IDENTIFIER = me.MyProjectUITests;
				PRODUCT_NAME = "$(TARGET_NAME)";
				SWIFT_EMIT_LOC_STRINGS = NO;
				SWIFT_VERSION = 5.0;
				TARGETED_DEVICE_FAMILY = "1,2";
				TEST_TARGET_NAME = MyProject;
			};
			name = Release;
		};
/* End XCBuildConfiguration section */

/* Begin XCConfigurationList section */
		CE7D607D2CB769FC003174A3 /* Build configuration list for PBXProject "MyProject" */ = {
			isa = XCConfigurationList;
			buildConfigurations = (
				CE7D60A42CB769FE003174A3 /* Debug */,
				CE7D60A52CB769FE003174A3 /* Release */,
			);
			defaultConfigurationIsVisible = 0;
			defaultConfigurationName = Release;
		};
		CE7D60A62CB769FE003174A3 /* Build configuration list for PBXNativeTarget "MyProject" */ = {
			isa = XCConfigurationList;
			buildConfigurations = (
				CE7D60A72CB769FE003174A3 /* Debug */,
				CE7D60A82CB769FE003174A3 /* Release */,
			);
			defaultConfigurationIsVisible = 0;
			defaultConfigurationName = Release;
		};
		CE7D60A92CB769FE003174A3 /* Build configuration list for PBXNativeTarget "MyProjectTests" */ = {
			isa = XCConfigurationList;
			buildConfigurations = (
				CE7D60AA2CB769FE003174A3 /* Debug */,
				CE7D60AB2CB769FE003174A3 /* Release */,
			);
			defaultConfigurationIsVisible = 0;
			defaultConfigurationName = Release;
		};
		CE7D60AC2CB769FE003174A3 /* Build configuration list for PBXNativeTarget "MyProjectUITests" */ = {
			isa = XCConfigurationList;
			buildConfigurations = (
				CE7D60AD2CB769FE003174A3 /* Debug */,
				CE7D60AE2CB769FE003174A3 /* Release */,
			);
			defaultConfigurationIsVisible = 0;
			defaultConfigurationName = Release;
		};
/* End XCConfigurationList section */

/* Begin XCRemoteSwiftPackageReference section */
		CE7D60C12CB77475003174A3 /* XCRemoteSwiftPackageReference "supabase-swift" */ = {
			isa = XCRemoteSwiftPackageReference;
			repositoryURL = "https://github.com/supabase/supabase-swift.git";
			requirement = {
				kind = upToNextMajorVersion;
				minimumVersion = 2.5.1;
			};
		};
/* End XCRemoteSwiftPackageReference section */

/* Begin XCSwiftPackageProductDependency section */
		CE7D60C32CB774A4003174A3 /* Auth */ = {
			isa = XCSwiftPackageProductDependency;
			package = CE7D60C12CB77475003174A3 /* XCRemoteSwiftPackageReference "supabase-swift" */;
			productName = Auth;
		};
		CE7D60C52CB774A4003174A3 /* Functions */ = {
			isa = XCSwiftPackageProductDependency;
			package = CE7D60C12CB77475003174A3 /* XCRemoteSwiftPackageReference "supabase-swift" */;
			productName = Functions;
		};
		CE7D60C72CB774A4003174A3 /* PostgREST */ = {
			isa = XCSwiftPackageProductDependency;
			package = CE7D60C12CB77475003174A3 /* XCRemoteSwiftPackageReference "supabase-swift" */;
			productName = PostgREST;
		};
		CE7D60C92CB774A4003174A3 /* Realtime */ = {
			isa = XCSwiftPackageProductDependency;
			package = CE7D60C12CB77475003174A3 /* XCRemoteSwiftPackageReference "supabase-swift" */;
			productName = Realtime;
		};
		CE7D60CB2CB774A4003174A3 /* Storage */ = {
			isa = XCSwiftPackageProductDependency;
			package = CE7D60C12CB77475003174A3 /* XCRemoteSwiftPackageReference "supabase-swift" */;
			productName = Storage;
		};
		CE7D60CD2CB774A4003174A3 /* Supabase */ = {
			isa = XCSwiftPackageProductDependency;
			package = CE7D60C12CB77475003174A3 /* XCRemoteSwiftPackageReference "supabase-swift" */;
			productName = Supabase;
		};
/* End XCSwiftPackageProductDependency section */
	};
	rootObject = CE7D607A2CB769FC003174A3 /* Project object */;
}
